
Microsoft Visual Studio Solution File, Format Version 12.00
# Visual Studio Version 17
VisualStudioVersion = 17.11.35327.3
MinimumVisualStudioVersion = 10.0.40219.1
Project("{FAE04EC0-301F-11D3-BF4B-00C04F79EFBC}") = "ex01", "ex02\ex01.csproj", "{44C0CEB7-6FA7-414E-82F8-82CCD2A0BF48}"
EndProject
Project("{FAE04EC0-301F-11D3-BF4B-00C04F79EFBC}") = "ex02", "ex03\ex02.csproj", "{ED2581CF-8CAA-484C-BE68-E1A63C127836}"
EndProject
Project("{FAE04EC0-301F-11D3-BF4B-00C04F79EFBC}") = "ex_03", "ex_03\ex_03.csproj", "{7910C61E-EFEE-438D-ABB5-C20243146E1F}"
EndProject
Project("{FAE04EC0-301F-11D3-BF4B-00C04F79EFBC}") = "ex04", "ex04\ex04.csproj", "{32CCC579-9E5B-44EA-8131-D28429746DA2}"
EndProject
Project("{FAE04EC0-301F-11D3-BF4B-00C04F79EFBC}") = "ex05", "ex05\ex05.csproj", "{3BD2A7D1-F8EA-47E9-920F-E9C37123B9E2}"
EndProject
Project("{FAE04EC0-301F-11D3-BF4B-00C04F79EFBC}") = "ex06", "ex06\ex06.csproj", "{8686B193-807B-4379-A99C-B35B2A524287}"
EndProject
Project("{FAE04EC0-301F-11D3-BF4B-00C04F79EFBC}") = "ex07", "ex07\ex07.csproj", "{B9D311EB-25FB-4A87-8E36-5FFB78626033}"
EndProject
Project("{FAE04EC0-301F-11D3-BF4B-00C04F79EFBC}") = "ex08", "ex08\ex08.csproj", "{6FEE2DF9-4C5B-4FB5-A439-005A4E8BE122}"
EndProject
Project("{FAE04EC0-301F-11D3-BF4B-00C04F79EFBC}") = "ex09", "ex09\ex09.csproj", "{29AFC386-FAF4-4C25-A5E4-BA73276874DE}"
EndProject
Global
	GlobalSection(SolutionConfigurationPlatforms) = preSolution
		Debug|Any CPU = Debug|Any CPU
		Release|Any CPU = Release|Any CPU
	EndGlobalSection
	GlobalSection(ProjectConfigurationPlatforms) = postSolution
		{44C0CEB7-6FA7-414E-82F8-82CCD2A0BF48}.Debug|Any CPU.ActiveCfg = Debug|Any CPU
		{44C0CEB7-6FA7-414E-82F8-82CCD2A0BF48}.Debug|Any CPU.Build.0 = Debug|Any CPU
		{44C0CEB7-6FA7-414E-82F8-82CCD2A0BF48}.Release|Any CPU.ActiveCfg = Release|Any CPU
		{44C0CEB7-6FA7-414E-82F8-82CCD2A0BF48}.Release|Any CPU.Build.0 = Release|Any CPU
		{ED2581CF-8CAA-484C-BE68-E1A63C127836}.Debug|Any CPU.ActiveCfg = Debug|Any CPU
		{ED2581CF-8CAA-484C-BE68-E1A63C127836}.Debug|Any CPU.Build.0 = Debug|Any CPU
		{ED2581CF-8CAA-484C-BE68-E1A63C127836}.Release|Any CPU.ActiveCfg = Release|Any CPU
		{ED2581CF-8CAA-484C-BE68-E1A63C127836}.Release|Any CPU.Build.0 = Release|Any CPU
		{7910C61E-EFEE-438D-ABB5-C20243146E1F}.Debug|Any CPU.ActiveCfg = Debug|Any CPU
		{7910C61E-EFEE-438D-ABB5-C20243146E1F}.Debug|Any CPU.Build.0 = Debug|Any CPU
		{7910C61E-EFEE-438D-ABB5-C20243146E1F}.Release|Any CPU.ActiveCfg = Release|Any CPU
		{7910C61E-EFEE-438D-ABB5-C20243146E1F}.Release|Any CPU.Build.0 = Release|Any CPU
		{32CCC579-9E5B-44EA-8131-D28429746DA2}.Debug|Any CPU.ActiveCfg = Debug|Any CPU
		{32CCC579-9E5B-44EA-8131-D28429746DA2}.Debug|Any CPU.Build.0 = Debug|Any CPU
		{32CCC579-9E5B-44EA-8131-D28429746DA2}.Release|Any CPU.ActiveCfg = Release|Any CPU
		{32CCC579-9E5B-44EA-8131-D28429746DA2}.Release|Any CPU.Build.0 = Release|Any CPU
		{3BD2A7D1-F8EA-47E9-920F-E9C37123B9E2}.Debug|Any CPU.ActiveCfg = Debug|Any CPU
		{3BD2A7D1-F8EA-47E9-920F-E9C37123B9E2}.Debug|Any CPU.Build.0 = Debug|Any CPU
		{3BD2A7D1-F8EA-47E9-920F-E9C37123B9E2}.Release|Any CPU.ActiveCfg = Release|Any CPU
		{3BD2A7D1-F8EA-47E9-920F-E9C37123B9E2}.Release|Any CPU.Build.0 = Release|Any CPU
		{8686B193-807B-4379-A99C-B35B2A524287}.Debug|Any CPU.ActiveCfg = Debug|Any CPU
		{8686B193-807B-4379-A99C-B35B2A524287}.Debug|Any CPU.Build.0 = Debug|Any CPU
		{8686B193-807B-4379-A99C-B35B2A524287}.Release|Any CPU.ActiveCfg = Release|Any CPU
		{8686B193-807B-4379-A99C-B35B2A524287}.Release|Any CPU.Build.0 = Release|Any CPU
		{B9D311EB-25FB-4A87-8E36-5FFB78626033}.Debug|Any CPU.ActiveCfg = Debug|Any CPU
		{B9D311EB-25FB-4A87-8E36-5FFB78626033}.Debug|Any CPU.Build.0 = Debug|Any CPU
		{B9D311EB-25FB-4A87-8E36-5FFB78626033}.Release|Any CPU.ActiveCfg = Release|Any CPU
		{B9D311EB-25FB-4A87-8E36-5FFB78626033}.Release|Any CPU.Build.0 = Release|Any CPU
		{6FEE2DF9-4C5B-4FB5-A439-005A4E8BE122}.Debug|Any CPU.ActiveCfg = Debug|Any CPU
		{6FEE2DF9-4C5B-4FB5-A439-005A4E8BE122}.Debug|Any CPU.Build.0 = Debug|Any CPU
		{6FEE2DF9-4C5B-4FB5-A439-005A4E8BE122}.Release|Any CPU.ActiveCfg = Release|Any CPU
		{6FEE2DF9-4C5B-4FB5-A439-005A4E8BE122}.Release|Any CPU.Build.0 = Release|Any CPU
		{29AFC386-FAF4-4C25-A5E4-BA73276874DE}.Debug|Any CPU.ActiveCfg = Debug|Any CPU
		{29AFC386-FAF4-4C25-A5E4-BA73276874DE}.Debug|Any CPU.Build.0 = Debug|Any CPU
		{29AFC386-FAF4-4C25-A5E4-BA73276874DE}.Release|Any CPU.ActiveCfg = Release|Any CPU
		{29AFC386-FAF4-4C25-A5E4-BA73276874DE}.Release|Any CPU.Build.0 = Release|Any CPU
	EndGlobalSection
	GlobalSection(SolutionProperties) = preSolution
		HideSolutionNode = FALSE
	EndGlobalSection
	GlobalSection(ExtensibilityGlobals) = postSolution
		SolutionGuid = {4F9683A1-D27F-443E-9B37-21687BE2FAC3}
	EndGlobalSection
EndGlobal
